{
    "version": 3,
    "terraform_version": "0.11.7",
    "serial": 6,
    "lineage": "0462c112-264d-8891-b166-3d70a8b5ae1e",
    "modules": [
        {
            "path": [
                "root"
            ],
            "outputs": {
                "Instance AMI ID:": {
                    "sensitive": false,
                    "type": "list",
                    "value": [
                        "ami-009110a2bf8d7dd0a",
                        "ami-009110a2bf8d7dd0a",
                        "ami-009110a2bf8d7dd0a"
                    ]
                },
                "Instance type": {
                    "sensitive": false,
                    "type": "list",
                    "value": [
                        "t2.micro",
                        "t2.micro",
                        "t2.micro"
                    ]
                }
            },
            "resources": {
                "aws_instance.simple_instance.0": {
                    "type": "aws_instance",
                    "depends_on": [],
                    "primary": {
                        "id": "i-0131b2858d1ee841a",
                        "attributes": {
                            "ami": "ami-009110a2bf8d7dd0a",
                            "arn": "arn:aws:ec2:ap-south-1:614541862209:instance/i-0131b2858d1ee841a",
                            "associate_public_ip_address": "true",
                            "availability_zone": "ap-south-1a",
                            "cpu_core_count": "1",
                            "cpu_threads_per_core": "1",
                            "credit_specification.#": "1",
                            "credit_specification.0.cpu_credits": "standard",
                            "disable_api_termination": "false",
                            "ebs_block_device.#": "0",
                            "ebs_optimized": "false",
                            "ephemeral_block_device.#": "0",
                            "get_password_data": "false",
                            "iam_instance_profile": "",
                            "id": "i-0131b2858d1ee841a",
                            "instance_state": "running",
                            "instance_type": "t2.micro",
                            "ipv6_address_count": "0",
                            "ipv6_addresses.#": "0",
                            "key_name": "",
                            "monitoring": "false",
                            "network_interface.#": "0",
                            "password_data": "",
                            "placement_group": "",
                            "primary_network_interface_id": "eni-0dd29783111958d18",
                            "private_dns": "ip-172-31-44-182.ap-south-1.compute.internal",
                            "private_ip": "172.31.44.182",
                            "public_dns": "ec2-13-233-7-40.ap-south-1.compute.amazonaws.com",
                            "public_ip": "13.233.7.40",
                            "root_block_device.#": "1",
                            "root_block_device.0.delete_on_termination": "true",
                            "root_block_device.0.encrypted": "false",
                            "root_block_device.0.iops": "100",
                            "root_block_device.0.kms_key_id": "",
                            "root_block_device.0.volume_id": "vol-0ad0bc9ae8e02fcf8",
                            "root_block_device.0.volume_size": "8",
                            "root_block_device.0.volume_type": "gp2",
                            "security_groups.#": "1",
                            "security_groups.3814588639": "default",
                            "source_dest_check": "true",
                            "subnet_id": "subnet-b41031dc",
                            "tags.%": "3",
                            "tags.Env": "Practice",
                            "tags.Name": "simple_instance",
                            "tags.Owner": "raaggarw",
                            "tenancy": "default",
                            "volume_tags.%": "0",
                            "vpc_security_group_ids.#": "1",
                            "vpc_security_group_ids.61785125": "sg-43dbd82c"
                        },
                        "meta": {
                            "e2bfb730-ecaa-11e6-8f88-34363bc7c4c0": {
                                "create": 600000000000,
                                "delete": 1200000000000,
                                "update": 600000000000
                            },
                            "schema_version": "1"
                        },
                        "tainted": false
                    },
                    "deposed": [],
                    "provider": "provider.aws"
                },
                "aws_instance.simple_instance.1": {
                    "type": "aws_instance",
                    "depends_on": [],
                    "primary": {
                        "id": "i-0093d1a309a1aa86c",
                        "attributes": {
                            "ami": "ami-009110a2bf8d7dd0a",
                            "arn": "arn:aws:ec2:ap-south-1:614541862209:instance/i-0093d1a309a1aa86c",
                            "associate_public_ip_address": "true",
                            "availability_zone": "ap-south-1a",
                            "cpu_core_count": "1",
                            "cpu_threads_per_core": "1",
                            "credit_specification.#": "1",
                            "credit_specification.0.cpu_credits": "standard",
                            "disable_api_termination": "false",
                            "ebs_block_device.#": "0",
                            "ebs_optimized": "false",
                            "ephemeral_block_device.#": "0",
                            "get_password_data": "false",
                            "iam_instance_profile": "",
                            "id": "i-0093d1a309a1aa86c",
                            "instance_state": "running",
                            "instance_type": "t2.micro",
                            "ipv6_address_count": "0",
                            "ipv6_addresses.#": "0",
                            "key_name": "",
                            "monitoring": "false",
                            "network_interface.#": "0",
                            "password_data": "",
                            "placement_group": "",
                            "primary_network_interface_id": "eni-0a160a35f4e7c5b74",
                            "private_dns": "ip-172-31-46-79.ap-south-1.compute.internal",
                            "private_ip": "172.31.46.79",
                            "public_dns": "ec2-13-127-253-197.ap-south-1.compute.amazonaws.com",
                            "public_ip": "13.127.253.197",
                            "root_block_device.#": "1",
                            "root_block_device.0.delete_on_termination": "true",
                            "root_block_device.0.encrypted": "false",
                            "root_block_device.0.iops": "100",
                            "root_block_device.0.kms_key_id": "",
                            "root_block_device.0.volume_id": "vol-0f9b8a3e50fd148db",
                            "root_block_device.0.volume_size": "8",
                            "root_block_device.0.volume_type": "gp2",
                            "security_groups.#": "1",
                            "security_groups.3814588639": "default",
                            "source_dest_check": "true",
                            "subnet_id": "subnet-b41031dc",
                            "tags.%": "3",
                            "tags.Env": "Practice",
                            "tags.Name": "simple_instance",
                            "tags.Owner": "raaggarw",
                            "tenancy": "default",
                            "volume_tags.%": "0",
                            "vpc_security_group_ids.#": "1",
                            "vpc_security_group_ids.61785125": "sg-43dbd82c"
                        },
                        "meta": {
                            "e2bfb730-ecaa-11e6-8f88-34363bc7c4c0": {
                                "create": 600000000000,
                                "delete": 1200000000000,
                                "update": 600000000000
                            },
                            "schema_version": "1"
                        },
                        "tainted": false
                    },
                    "deposed": [],
                    "provider": "provider.aws"
                },
                "aws_instance.simple_instance.2": {
                    "type": "aws_instance",
                    "depends_on": [],
                    "primary": {
                        "id": "i-00cced2340128a8ee",
                        "attributes": {
                            "ami": "ami-009110a2bf8d7dd0a",
                            "arn": "arn:aws:ec2:ap-south-1:614541862209:instance/i-00cced2340128a8ee",
                            "associate_public_ip_address": "true",
                            "availability_zone": "ap-south-1a",
                            "cpu_core_count": "1",
                            "cpu_threads_per_core": "1",
                            "credit_specification.#": "1",
                            "credit_specification.0.cpu_credits": "standard",
                            "disable_api_termination": "false",
                            "ebs_block_device.#": "0",
                            "ebs_optimized": "false",
                            "ephemeral_block_device.#": "0",
                            "get_password_data": "false",
                            "iam_instance_profile": "",
                            "id": "i-00cced2340128a8ee",
                            "instance_state": "running",
                            "instance_type": "t2.micro",
                            "ipv6_address_count": "0",
                            "ipv6_addresses.#": "0",
                            "key_name": "",
                            "monitoring": "false",
                            "network_interface.#": "0",
                            "password_data": "",
                            "placement_group": "",
                            "primary_network_interface_id": "eni-020de0a55385a110e",
                            "private_dns": "ip-172-31-40-233.ap-south-1.compute.internal",
                            "private_ip": "172.31.40.233",
                            "public_dns": "ec2-13-232-97-110.ap-south-1.compute.amazonaws.com",
                            "public_ip": "13.232.97.110",
                            "root_block_device.#": "1",
                            "root_block_device.0.delete_on_termination": "true",
                            "root_block_device.0.encrypted": "false",
                            "root_block_device.0.iops": "100",
                            "root_block_device.0.kms_key_id": "",
                            "root_block_device.0.volume_id": "vol-000a3536647b930a3",
                            "root_block_device.0.volume_size": "8",
                            "root_block_device.0.volume_type": "gp2",
                            "security_groups.#": "1",
                            "security_groups.3814588639": "default",
                            "source_dest_check": "true",
                            "subnet_id": "subnet-b41031dc",
                            "tags.%": "3",
                            "tags.Env": "Practice",
                            "tags.Name": "simple_instance",
                            "tags.Owner": "raaggarw",
                            "tenancy": "default",
                            "volume_tags.%": "0",
                            "vpc_security_group_ids.#": "1",
                            "vpc_security_group_ids.61785125": "sg-43dbd82c"
                        },
                        "meta": {
                            "e2bfb730-ecaa-11e6-8f88-34363bc7c4c0": {
                                "create": 600000000000,
                                "delete": 1200000000000,
                                "update": 600000000000
                            },
                            "schema_version": "1"
                        },
                        "tainted": false
                    },
                    "deposed": [],
                    "provider": "provider.aws"
                }
            },
            "depends_on": []
        }
    ]
}
