{
    "version": 3,
    "terraform_version": "0.11.7",
    "serial": 2,
    "lineage": "0462c112-264d-8891-b166-3d70a8b5ae1e",
    "modules": [
        {
            "path": [
                "root"
            ],
            "outputs": {},
            "resources": {
                "aws_instance.simple_instance": {
                    "type": "aws_instance",
                    "depends_on": [],
                    "primary": {
                        "id": "i-0cb3a2fa59dd9d7fb",
                        "attributes": {
                            "ami": "ami-009110a2bf8d7dd0a",
                            "arn": "arn:aws:ec2:ap-south-1:614541862209:instance/i-0cb3a2fa59dd9d7fb",
                            "associate_public_ip_address": "true",
                            "availability_zone": "ap-south-1a",
                            "cpu_core_count": "1",
                            "cpu_threads_per_core": "1",
                            "credit_specification.#": "1",
                            "credit_specification.0.cpu_credits": "standard",
                            "disable_api_termination": "false",
                            "ebs_block_device.#": "0",
                            "ebs_optimized": "false",
                            "ephemeral_block_device.#": "0",
                            "get_password_data": "false",
                            "iam_instance_profile": "",
                            "id": "i-0cb3a2fa59dd9d7fb",
                            "instance_state": "running",
                            "instance_type": "t2.micro",
                            "ipv6_address_count": "0",
                            "ipv6_addresses.#": "0",
                            "key_name": "",
                            "monitoring": "false",
                            "network_interface.#": "0",
                            "password_data": "",
                            "placement_group": "",
                            "primary_network_interface_id": "eni-0391aca64fa4dc202",
                            "private_dns": "ip-172-31-40-16.ap-south-1.compute.internal",
                            "private_ip": "172.31.40.16",
                            "public_dns": "ec2-13-232-40-115.ap-south-1.compute.amazonaws.com",
                            "public_ip": "13.232.40.115",
                            "root_block_device.#": "1",
                            "root_block_device.0.delete_on_termination": "true",
                            "root_block_device.0.encrypted": "false",
                            "root_block_device.0.iops": "100",
                            "root_block_device.0.kms_key_id": "",
                            "root_block_device.0.volume_id": "vol-0aa5e9056a503ce50",
                            "root_block_device.0.volume_size": "8",
                            "root_block_device.0.volume_type": "gp2",
                            "security_groups.#": "1",
                            "security_groups.3814588639": "default",
                            "source_dest_check": "true",
                            "subnet_id": "subnet-b41031dc",
                            "tags.%": "3",
                            "tags.Env": "Practice",
                            "tags.Name": "simple_instance",
                            "tags.Owner": "raaggarw",
                            "tenancy": "default",
                            "volume_tags.%": "0",
                            "vpc_security_group_ids.#": "1",
                            "vpc_security_group_ids.61785125": "sg-43dbd82c"
                        },
                        "meta": {
                            "e2bfb730-ecaa-11e6-8f88-34363bc7c4c0": {
                                "create": 600000000000,
                                "delete": 1200000000000,
                                "update": 600000000000
                            },
                            "schema_version": "1"
                        },
                        "tainted": false
                    },
                    "deposed": [],
                    "provider": "provider.aws"
                }
            },
            "depends_on": []
        }
    ]
}
