{
    "version": 3,
    "terraform_version": "0.11.7",
    "serial": 28,
    "lineage": "0462c112-264d-8891-b166-3d70a8b5ae1e",
    "modules": [
        {
            "path": [
                "root"
            ],
            "outputs": {
                "EBS id": {
                    "sensitive": false,
                    "type": "list",
                    "value": [
                        "vol-0bdca5233021d3584",
                        "vol-04956db632ad901c1"
                    ]
                },
                "EBS name": {
                    "sensitive": false,
                    "type": "list",
                    "value": [
                        "ebs-ubuntu0",
                        "ebs-ubuntu1"
                    ]
                },
                "Instance AMI ID:": {
                    "sensitive": false,
                    "type": "list",
                    "value": [
                        "ami-0cf8402efdb171312",
                        "ami-0cf8402efdb171312"
                    ]
                },
                "Instance az": {
                    "sensitive": false,
                    "type": "list",
                    "value": [
                        "ap-south-1b",
                        "ap-south-1b"
                    ]
                },
                "Instance name": {
                    "sensitive": false,
                    "type": "list",
                    "value": [
                        "ubuntu0",
                        "ubuntu1"
                    ]
                },
                "Instance type": {
                    "sensitive": false,
                    "type": "list",
                    "value": [
                        "t2.micro",
                        "t2.micro"
                    ]
                },
                "Ip address": {
                    "sensitive": false,
                    "type": "list",
                    "value": [
                        "13.234.218.152",
                        "13.235.153.42"
                    ]
                },
                "Security group": {
                    "sensitive": false,
                    "type": "list",
                    "value": [
                        [
                            "allow_outbound",
                            "allow_ssh"
                        ],
                        [
                            "allow_outbound",
                            "allow_ssh"
                        ]
                    ]
                }
            },
            "resources": {
                "aws_ebs_volume.server_volume.0": {
                    "type": "aws_ebs_volume",
                    "depends_on": [
                        "aws_instance.server",
                        "aws_instance.server.*"
                    ],
                    "primary": {
                        "id": "vol-0bdca5233021d3584",
                        "attributes": {
                            "arn": "arn:aws:ec2:ap-south-1:614541862209:volume/vol-0bdca5233021d3584",
                            "availability_zone": "ap-south-1b",
                            "encrypted": "false",
                            "id": "vol-0bdca5233021d3584",
                            "iops": "100",
                            "kms_key_id": "",
                            "size": "10",
                            "snapshot_id": "",
                            "tags.%": "1",
                            "tags.Name": "ebs-ubuntu0",
                            "type": "gp2"
                        },
                        "meta": {},
                        "tainted": false
                    },
                    "deposed": [],
                    "provider": "provider.aws"
                },
                "aws_ebs_volume.server_volume.1": {
                    "type": "aws_ebs_volume",
                    "depends_on": [
                        "aws_instance.server",
                        "aws_instance.server.*"
                    ],
                    "primary": {
                        "id": "vol-04956db632ad901c1",
                        "attributes": {
                            "arn": "arn:aws:ec2:ap-south-1:614541862209:volume/vol-04956db632ad901c1",
                            "availability_zone": "ap-south-1b",
                            "encrypted": "false",
                            "id": "vol-04956db632ad901c1",
                            "iops": "100",
                            "kms_key_id": "",
                            "size": "10",
                            "snapshot_id": "",
                            "tags.%": "1",
                            "tags.Name": "ebs-ubuntu1",
                            "type": "gp2"
                        },
                        "meta": {},
                        "tainted": false
                    },
                    "deposed": [],
                    "provider": "provider.aws"
                },
                "aws_eip.server_ip.0": {
                    "type": "aws_eip",
                    "depends_on": [
                        "aws_instance.server",
                        "aws_instance.server.*"
                    ],
                    "primary": {
                        "id": "eipalloc-01ded0fe2d46f6d22",
                        "attributes": {
                            "association_id": "eipassoc-0f733b42f2446ae09",
                            "domain": "vpc",
                            "id": "eipalloc-01ded0fe2d46f6d22",
                            "instance": "i-097b34a8b92b6fbf9",
                            "network_interface": "eni-08fb0e7d9d4da1a71",
                            "private_dns": "ip-172-31-0-40.ap-south-1.compute.internal",
                            "private_ip": "172.31.0.40",
                            "public_dns": "ec2-13-234-218-152.ap-south-1.compute.amazonaws.com",
                            "public_ip": "13.234.218.152",
                            "public_ipv4_pool": "amazon",
                            "tags.%": "0",
                            "vpc": "true"
                        },
                        "meta": {
                            "e2bfb730-ecaa-11e6-8f88-34363bc7c4c0": {
                                "delete": 180000000000,
                                "read": 900000000000,
                                "update": 300000000000
                            }
                        },
                        "tainted": false
                    },
                    "deposed": [],
                    "provider": "provider.aws"
                },
                "aws_eip.server_ip.1": {
                    "type": "aws_eip",
                    "depends_on": [
                        "aws_instance.server",
                        "aws_instance.server.*"
                    ],
                    "primary": {
                        "id": "eipalloc-002f453a4b8299eb8",
                        "attributes": {
                            "association_id": "eipassoc-043ee26f4515ddf97",
                            "domain": "vpc",
                            "id": "eipalloc-002f453a4b8299eb8",
                            "instance": "i-0273d9964bf81026e",
                            "network_interface": "eni-0bab0867fdc169977",
                            "private_dns": "ip-172-31-4-228.ap-south-1.compute.internal",
                            "private_ip": "172.31.4.228",
                            "public_dns": "ec2-13-235-153-42.ap-south-1.compute.amazonaws.com",
                            "public_ip": "13.235.153.42",
                            "public_ipv4_pool": "amazon",
                            "tags.%": "0",
                            "vpc": "true"
                        },
                        "meta": {
                            "e2bfb730-ecaa-11e6-8f88-34363bc7c4c0": {
                                "delete": 180000000000,
                                "read": 900000000000,
                                "update": 300000000000
                            }
                        },
                        "tainted": false
                    },
                    "deposed": [],
                    "provider": "provider.aws"
                },
                "aws_instance.server.0": {
                    "type": "aws_instance",
                    "depends_on": [
                        "aws_key_pair.aws_key_pair_infra",
                        "aws_security_group.allow_outbound",
                        "aws_security_group.allow_ssh",
                        "data.aws_ami.server_ami",
                        "random_shuffle.random_az"
                    ],
                    "primary": {
                        "id": "i-097b34a8b92b6fbf9",
                        "attributes": {
                            "ami": "ami-0cf8402efdb171312",
                            "arn": "arn:aws:ec2:ap-south-1:614541862209:instance/i-097b34a8b92b6fbf9",
                            "associate_public_ip_address": "true",
                            "availability_zone": "ap-south-1b",
                            "cpu_core_count": "1",
                            "cpu_threads_per_core": "1",
                            "credit_specification.#": "1",
                            "credit_specification.0.cpu_credits": "standard",
                            "disable_api_termination": "false",
                            "ebs_block_device.#": "0",
                            "ebs_optimized": "false",
                            "ephemeral_block_device.#": "0",
                            "get_password_data": "false",
                            "iam_instance_profile": "",
                            "id": "i-097b34a8b92b6fbf9",
                            "instance_state": "running",
                            "instance_type": "t2.micro",
                            "ipv6_address_count": "0",
                            "ipv6_addresses.#": "0",
                            "key_name": "aws_key",
                            "monitoring": "false",
                            "network_interface.#": "0",
                            "password_data": "",
                            "placement_group": "",
                            "primary_network_interface_id": "eni-08fb0e7d9d4da1a71",
                            "private_dns": "ip-172-31-0-40.ap-south-1.compute.internal",
                            "private_ip": "172.31.0.40",
                            "public_dns": "ec2-13-235-75-126.ap-south-1.compute.amazonaws.com",
                            "public_ip": "13.235.75.126",
                            "root_block_device.#": "1",
                            "root_block_device.0.delete_on_termination": "true",
                            "root_block_device.0.encrypted": "false",
                            "root_block_device.0.iops": "100",
                            "root_block_device.0.kms_key_id": "",
                            "root_block_device.0.volume_id": "vol-0e7f92d4f7d9d8bba",
                            "root_block_device.0.volume_size": "8",
                            "root_block_device.0.volume_type": "gp2",
                            "security_groups.#": "2",
                            "security_groups.1194242027": "allow_outbound",
                            "security_groups.1454479838": "allow_ssh",
                            "source_dest_check": "true",
                            "subnet_id": "subnet-ebfd6ba7",
                            "tags.%": "7",
                            "tags.Count": "0",
                            "tags.Environment": "dev",
                            "tags.Name": "ubuntu0",
                            "tags.Owner": "raaggarw",
                            "tags.Project": "AWS infrastructure",
                            "tags.Region": "ap-south-1",
                            "tags.Timestamp": "2019-08-25T17:23:59Z",
                            "tenancy": "default",
                            "volume_tags.%": "0",
                            "vpc_security_group_ids.#": "2",
                            "vpc_security_group_ids.2417693752": "sg-09d6acbd9250c1f8c",
                            "vpc_security_group_ids.4276829630": "sg-0309300d85afcc7f0"
                        },
                        "meta": {
                            "e2bfb730-ecaa-11e6-8f88-34363bc7c4c0": {
                                "create": 600000000000,
                                "delete": 1200000000000,
                                "update": 600000000000
                            },
                            "schema_version": "1"
                        },
                        "tainted": false
                    },
                    "deposed": [],
                    "provider": "provider.aws"
                },
                "aws_instance.server.1": {
                    "type": "aws_instance",
                    "depends_on": [
                        "aws_key_pair.aws_key_pair_infra",
                        "aws_security_group.allow_outbound",
                        "aws_security_group.allow_ssh",
                        "data.aws_ami.server_ami",
                        "random_shuffle.random_az"
                    ],
                    "primary": {
                        "id": "i-0273d9964bf81026e",
                        "attributes": {
                            "ami": "ami-0cf8402efdb171312",
                            "arn": "arn:aws:ec2:ap-south-1:614541862209:instance/i-0273d9964bf81026e",
                            "associate_public_ip_address": "true",
                            "availability_zone": "ap-south-1b",
                            "cpu_core_count": "1",
                            "cpu_threads_per_core": "1",
                            "credit_specification.#": "1",
                            "credit_specification.0.cpu_credits": "standard",
                            "disable_api_termination": "false",
                            "ebs_block_device.#": "0",
                            "ebs_optimized": "false",
                            "ephemeral_block_device.#": "0",
                            "get_password_data": "false",
                            "iam_instance_profile": "",
                            "id": "i-0273d9964bf81026e",
                            "instance_state": "running",
                            "instance_type": "t2.micro",
                            "ipv6_address_count": "0",
                            "ipv6_addresses.#": "0",
                            "key_name": "aws_key",
                            "monitoring": "false",
                            "network_interface.#": "0",
                            "password_data": "",
                            "placement_group": "",
                            "primary_network_interface_id": "eni-0bab0867fdc169977",
                            "private_dns": "ip-172-31-4-228.ap-south-1.compute.internal",
                            "private_ip": "172.31.4.228",
                            "public_dns": "ec2-13-235-48-125.ap-south-1.compute.amazonaws.com",
                            "public_ip": "13.235.48.125",
                            "root_block_device.#": "1",
                            "root_block_device.0.delete_on_termination": "true",
                            "root_block_device.0.encrypted": "false",
                            "root_block_device.0.iops": "100",
                            "root_block_device.0.kms_key_id": "",
                            "root_block_device.0.volume_id": "vol-0ae22efa0e2f53dce",
                            "root_block_device.0.volume_size": "8",
                            "root_block_device.0.volume_type": "gp2",
                            "security_groups.#": "2",
                            "security_groups.1194242027": "allow_outbound",
                            "security_groups.1454479838": "allow_ssh",
                            "source_dest_check": "true",
                            "subnet_id": "subnet-ebfd6ba7",
                            "tags.%": "7",
                            "tags.Count": "1",
                            "tags.Environment": "dev",
                            "tags.Name": "ubuntu1",
                            "tags.Owner": "raaggarw",
                            "tags.Project": "AWS infrastructure",
                            "tags.Region": "ap-south-1",
                            "tags.Timestamp": "2019-08-25T17:23:59Z",
                            "tenancy": "default",
                            "volume_tags.%": "0",
                            "vpc_security_group_ids.#": "2",
                            "vpc_security_group_ids.2417693752": "sg-09d6acbd9250c1f8c",
                            "vpc_security_group_ids.4276829630": "sg-0309300d85afcc7f0"
                        },
                        "meta": {
                            "e2bfb730-ecaa-11e6-8f88-34363bc7c4c0": {
                                "create": 600000000000,
                                "delete": 1200000000000,
                                "update": 600000000000
                            },
                            "schema_version": "1"
                        },
                        "tainted": false
                    },
                    "deposed": [],
                    "provider": "provider.aws"
                },
                "aws_key_pair.aws_key_pair_infra": {
                    "type": "aws_key_pair",
                    "depends_on": [],
                    "primary": {
                        "id": "aws_key",
                        "attributes": {
                            "fingerprint": "ec:5e:c4:28:8c:c2:d3:ef:42:3d:9f:22:81:b3:8e:ff",
                            "id": "aws_key",
                            "key_name": "aws_key",
                            "public_key": "ssh-rsa AAAAB3NzaC1yc2EAAAADAQABAAABAQC6AdZDU8PSL0y/qIV9WnU+mdiB1JdQ2GR/M5r1+Y2K5aAZ5NQtqQ6u4UH/jXsmdbM9VtVOBsxx3gKPfC2yC2g5vyeU9sa2yLGFRCIrBIPCP/pReK3JeiJx0lSjjXXXzNfhCmvgTLXqLcqUx/bN6AMD1PeLgSX0IOIDSV97mwWvAjr2r198HQ+j47bbhPdMCoPmoC4WhhbKYLG0lMA7x7qAvgVl0qg/s+IH14fBlLmTtsMKys8c3jwwO3iyrqfE/mhIEBJoLSAOtCblT0ZucjaturJ+E5PjEcd7TgBnTjhO+RRv2WzT1oddlZ5C6L2WepyO1s1CyyPrxgEZloVOBrxn rajan@rajan"
                        },
                        "meta": {
                            "schema_version": "1"
                        },
                        "tainted": false
                    },
                    "deposed": [],
                    "provider": "provider.aws"
                },
                "aws_security_group.allow_outbound": {
                    "type": "aws_security_group",
                    "depends_on": [],
                    "primary": {
                        "id": "sg-09d6acbd9250c1f8c",
                        "attributes": {
                            "arn": "arn:aws:ec2:ap-south-1:614541862209:security-group/sg-09d6acbd9250c1f8c",
                            "description": "All all outbound connections",
                            "egress.#": "1",
                            "egress.482069346.cidr_blocks.#": "1",
                            "egress.482069346.cidr_blocks.0": "0.0.0.0/0",
                            "egress.482069346.description": "",
                            "egress.482069346.from_port": "0",
                            "egress.482069346.ipv6_cidr_blocks.#": "0",
                            "egress.482069346.prefix_list_ids.#": "0",
                            "egress.482069346.protocol": "-1",
                            "egress.482069346.security_groups.#": "0",
                            "egress.482069346.self": "false",
                            "egress.482069346.to_port": "0",
                            "id": "sg-09d6acbd9250c1f8c",
                            "ingress.#": "0",
                            "name": "allow_outbound",
                            "owner_id": "614541862209",
                            "revoke_rules_on_delete": "false",
                            "tags.%": "1",
                            "tags.Name": "allow_outbound",
                            "vpc_id": "vpc-11d4ec79"
                        },
                        "meta": {
                            "e2bfb730-ecaa-11e6-8f88-34363bc7c4c0": {
                                "create": 600000000000,
                                "delete": 600000000000
                            },
                            "schema_version": "1"
                        },
                        "tainted": false
                    },
                    "deposed": [],
                    "provider": "provider.aws"
                },
                "aws_security_group.allow_ssh": {
                    "type": "aws_security_group",
                    "depends_on": [],
                    "primary": {
                        "id": "sg-0309300d85afcc7f0",
                        "attributes": {
                            "arn": "arn:aws:ec2:ap-south-1:614541862209:security-group/sg-0309300d85afcc7f0",
                            "description": "Allow all SSH inbound",
                            "egress.#": "0",
                            "id": "sg-0309300d85afcc7f0",
                            "ingress.#": "1",
                            "ingress.2541437006.cidr_blocks.#": "1",
                            "ingress.2541437006.cidr_blocks.0": "0.0.0.0/0",
                            "ingress.2541437006.description": "",
                            "ingress.2541437006.from_port": "22",
                            "ingress.2541437006.ipv6_cidr_blocks.#": "0",
                            "ingress.2541437006.prefix_list_ids.#": "0",
                            "ingress.2541437006.protocol": "tcp",
                            "ingress.2541437006.security_groups.#": "0",
                            "ingress.2541437006.self": "false",
                            "ingress.2541437006.to_port": "22",
                            "name": "allow_ssh",
                            "owner_id": "614541862209",
                            "revoke_rules_on_delete": "false",
                            "tags.%": "1",
                            "tags.Name": "allow_ssh",
                            "vpc_id": "vpc-11d4ec79"
                        },
                        "meta": {
                            "e2bfb730-ecaa-11e6-8f88-34363bc7c4c0": {
                                "create": 600000000000,
                                "delete": 600000000000
                            },
                            "schema_version": "1"
                        },
                        "tainted": false
                    },
                    "deposed": [],
                    "provider": "provider.aws"
                },
                "aws_volume_attachment.attach_ebs.0": {
                    "type": "aws_volume_attachment",
                    "depends_on": [
                        "aws_ebs_volume.server_volume",
                        "aws_ebs_volume.server_volume.*",
                        "aws_instance.server",
                        "aws_instance.server.*"
                    ],
                    "primary": {
                        "id": "vai-3764181641",
                        "attributes": {
                            "device_name": "/dev/sdh",
                            "id": "vai-3764181641",
                            "instance_id": "i-097b34a8b92b6fbf9",
                            "volume_id": "vol-0bdca5233021d3584"
                        },
                        "meta": {},
                        "tainted": false
                    },
                    "deposed": [],
                    "provider": "provider.aws"
                },
                "aws_volume_attachment.attach_ebs.1": {
                    "type": "aws_volume_attachment",
                    "depends_on": [
                        "aws_ebs_volume.server_volume",
                        "aws_ebs_volume.server_volume.*",
                        "aws_instance.server",
                        "aws_instance.server.*"
                    ],
                    "primary": {
                        "id": "vai-974409344",
                        "attributes": {
                            "device_name": "/dev/sdh",
                            "id": "vai-974409344",
                            "instance_id": "i-0273d9964bf81026e",
                            "volume_id": "vol-04956db632ad901c1"
                        },
                        "meta": {},
                        "tainted": false
                    },
                    "deposed": [],
                    "provider": "provider.aws"
                },
                "data.aws_ami.server_ami": {
                    "type": "aws_ami",
                    "depends_on": [],
                    "primary": {
                        "id": "ami-0cf8402efdb171312",
                        "attributes": {
                            "architecture": "x86_64",
                            "block_device_mappings.#": "3",
                            "block_device_mappings.1634610537.device_name": "/dev/sdb",
                            "block_device_mappings.1634610537.ebs.%": "0",
                            "block_device_mappings.1634610537.no_device": "",
                            "block_device_mappings.1634610537.virtual_name": "ephemeral0",
                            "block_device_mappings.2547816212.device_name": "/dev/sda1",
                            "block_device_mappings.2547816212.ebs.%": "6",
                            "block_device_mappings.2547816212.ebs.delete_on_termination": "true",
                            "block_device_mappings.2547816212.ebs.encrypted": "false",
                            "block_device_mappings.2547816212.ebs.iops": "0",
                            "block_device_mappings.2547816212.ebs.snapshot_id": "snap-05e39ed04447bd72a",
                            "block_device_mappings.2547816212.ebs.volume_size": "8",
                            "block_device_mappings.2547816212.ebs.volume_type": "gp2",
                            "block_device_mappings.2547816212.no_device": "",
                            "block_device_mappings.2547816212.virtual_name": "",
                            "block_device_mappings.3850042718.device_name": "/dev/sdc",
                            "block_device_mappings.3850042718.ebs.%": "0",
                            "block_device_mappings.3850042718.no_device": "",
                            "block_device_mappings.3850042718.virtual_name": "ephemeral1",
                            "creation_date": "2019-08-19T18:11:44.000Z",
                            "description": "Canonical, Ubuntu, 18.04 LTS, amd64 bionic image build on 2019-08-14",
                            "filter.#": "2",
                            "filter.490168357.name": "virtualization-type",
                            "filter.490168357.values.#": "1",
                            "filter.490168357.values.0": "hvm",
                            "filter.942818600.name": "name",
                            "filter.942818600.values.#": "1",
                            "filter.942818600.values.0": "ubuntu/images/hvm-ssd/ubuntu-bionic-18.04-amd64-server-*",
                            "hypervisor": "xen",
                            "id": "ami-0cf8402efdb171312",
                            "image_id": "ami-0cf8402efdb171312",
                            "image_location": "099720109477/ubuntu/images/hvm-ssd/ubuntu-bionic-18.04-amd64-server-20190814",
                            "image_type": "machine",
                            "most_recent": "true",
                            "name": "ubuntu/images/hvm-ssd/ubuntu-bionic-18.04-amd64-server-20190814",
                            "owner_id": "099720109477",
                            "owners.#": "1",
                            "owners.0": "099720109477",
                            "product_codes.#": "0",
                            "public": "true",
                            "root_device_name": "/dev/sda1",
                            "root_device_type": "ebs",
                            "root_snapshot_id": "snap-05e39ed04447bd72a",
                            "sriov_net_support": "simple",
                            "state": "available",
                            "state_reason.%": "2",
                            "state_reason.code": "UNSET",
                            "state_reason.message": "UNSET",
                            "tags.%": "0",
                            "virtualization_type": "hvm"
                        },
                        "meta": {},
                        "tainted": false
                    },
                    "deposed": [],
                    "provider": "provider.aws"
                },
                "random_shuffle.random_az": {
                    "type": "random_shuffle",
                    "depends_on": [],
                    "primary": {
                        "id": "-",
                        "attributes": {
                            "id": "-",
                            "input.#": "2",
                            "input.0": "a",
                            "input.1": "b",
                            "result.#": "1",
                            "result.0": "b",
                            "result_count": "1"
                        },
                        "meta": {},
                        "tainted": false
                    },
                    "deposed": [],
                    "provider": "provider.random"
                }
            },
            "depends_on": []
        }
    ]
}
